
Microsoft Visual Studio Solution File, Format Version 12.00
# Visual Studio Version 16
VisualStudioVersion = 16.0.32630.194
MinimumVisualStudioVersion = 10.0.40219.1
Project("{FAE04EC0-301F-11D3-BF4B-00C04F79EFBC}") = "NeuralNetwork", "NeuralNetwork.csproj", "{946E81B3-F325-4E48-8C51-B2849941BE71}"
EndProject
Global
	GlobalSection(SolutionConfigurationPlatforms) = preSolution
		Debug|Any CPU = Debug|Any CPU
		Release|Any CPU = Release|Any CPU
	EndGlobalSection
	GlobalSection(ProjectConfigurationPlatforms) = postSolution
		{946E81B3-F325-4E48-8C51-B2849941BE71}.Debug|Any CPU.ActiveCfg = Debug|Any CPU
		{946E81B3-F325-4E48-8C51-B2849941BE71}.Debug|Any CPU.Build.0 = Debug|Any CPU
		{946E81B3-F325-4E48-8C51-B2849941BE71}.Release|Any CPU.ActiveCfg = Release|Any CPU
		{946E81B3-F325-4E48-8C51-B2849941BE71}.Release|Any CPU.Build.0 = Release|Any CPU
	EndGlobalSection
	GlobalSection(SolutionProperties) = preSolution
		HideSolutionNode = FALSE
	EndGlobalSection
	GlobalSection(ExtensibilityGlobals) = postSolution
		SolutionGuid = {8401F9BF-461F-4C2C-BF29-6CBF9EFA6709}
	EndGlobalSection
EndGlobal
